// !$*UTF8*$!
{
	archiveVersion = 1;
	classes = {
	};
	objectVersion = 46;
	objects = {

/* Begin PBXBuildFile section */
		74006FD81EFC0166008A151C /* PJLoginViewController.m in Sources */ = {isa = PBXBuildFile; fileRef = 74006FD71EFC0166008A151C /* PJLoginViewController.m */; };
		74006FDC1EFC0192008A151C /* PJLoginSB.storyboard in Resources */ = {isa = PBXBuildFile; fileRef = 74006FDB1EFC0192008A151C /* PJLoginSB.storyboard */; };
		741324A81F9DE58800FA0623 /* PJCardViewController.m in Sources */ = {isa = PBXBuildFile; fileRef = 741324A71F9DE58800FA0623 /* PJCardViewController.m */; };
		741324AC1F9EEAA500FA0623 /* PJCardBottomView.m in Sources */ = {isa = PBXBuildFile; fileRef = 741324AB1F9EEAA500FA0623 /* PJCardBottomView.m */; };
		741324AE1F9EEAB200FA0623 /* PJCardBottomView.xib in Resources */ = {isa = PBXBuildFile; fileRef = 741324AD1F9EEAB200FA0623 /* PJCardBottomView.xib */; };
		743C84531F0B90A600D46EAC /* PJEditTableView.m in Sources */ = {isa = PBXBuildFile; fileRef = 743C84521F0B90A600D46EAC /* PJEditTableView.m */; };
		743C845C1F0B91C700D46EAC /* PJEditTableViewCell.m in Sources */ = {isa = PBXBuildFile; fileRef = 743C845A1F0B91C700D46EAC /* PJEditTableViewCell.m */; };
		743C845D1F0B91C700D46EAC /* PJEditTableViewCell.xib in Resources */ = {isa = PBXBuildFile; fileRef = 743C845B1F0B91C700D46EAC /* PJEditTableViewCell.xib */; };
		743C84631F0B97EE00D46EAC /* PJEditHeaderView.m in Sources */ = {isa = PBXBuildFile; fileRef = 743C84621F0B97EE00D46EAC /* PJEditHeaderView.m */; };
		743C84651F0B97FC00D46EAC /* PJEditHeaderView.xib in Resources */ = {isa = PBXBuildFile; fileRef = 743C84641F0B97FC00D46EAC /* PJEditHeaderView.xib */; };
		7441BCDD1FA1A120005E37ED /* PJTapic.m in Sources */ = {isa = PBXBuildFile; fileRef = 7441BCDC1FA1A120005E37ED /* PJTapic.m */; };
		744327FE1EE5850C00E20FAC /* LeftSliderView.m in Sources */ = {isa = PBXBuildFile; fileRef = 744327FD1EE5850C00E20FAC /* LeftSliderView.m */; };
		744C3C381FAD9B2D00767B42 /* opencv2.framework in Frameworks */ = {isa = PBXBuildFile; fileRef = 744C3C371FAD9B2D00767B42 /* opencv2.framework */; };
		744C3C3C1FADB33A00767B42 /* PJFriendHomeView.m in Sources */ = {isa = PBXBuildFile; fileRef = 744C3C3B1FADB33A00767B42 /* PJFriendHomeView.m */; };
		744C3C3F1FADB35600767B42 /* PJFriendTableView.m in Sources */ = {isa = PBXBuildFile; fileRef = 744C3C3E1FADB35600767B42 /* PJFriendTableView.m */; };
		744C3C451FADB38800767B42 /* PJFriendTableViewCell.m in Sources */ = {isa = PBXBuildFile; fileRef = 744C3C431FADB38800767B42 /* PJFriendTableViewCell.m */; };
		744C3C461FADB38800767B42 /* PJFriendTableViewCell.xib in Resources */ = {isa = PBXBuildFile; fileRef = 744C3C441FADB38800767B42 /* PJFriendTableViewCell.xib */; };
		744F0E9E1EF003A3005D4133 /* leftHomeView.m in Sources */ = {isa = PBXBuildFile; fileRef = 744F0E9D1EF003A3005D4133 /* leftHomeView.m */; };
		744F0EA41EF00D2F005D4133 /* PublishViewController.m in Sources */ = {isa = PBXBuildFile; fileRef = 744F0EA31EF00D2F005D4133 /* PublishViewController.m */; };
		744F0EA81EF013AE005D4133 /* EditViewController.m in Sources */ = {isa = PBXBuildFile; fileRef = 744F0EA71EF013AE005D4133 /* EditViewController.m */; };
		744F0EAB1EF015B1005D4133 /* MessageViewController.m in Sources */ = {isa = PBXBuildFile; fileRef = 744F0EAA1EF015B1005D4133 /* MessageViewController.m */; };
		744FCBE51EFEAE3E008BAC63 /* PJKeyboard.m in Sources */ = {isa = PBXBuildFile; fileRef = 744FCBE41EFEAE3E008BAC63 /* PJKeyboard.m */; };
		7454D8F520D6C3950004C83E /* PJBaseViewController.m in Sources */ = {isa = PBXBuildFile; fileRef = 7454D8F420D6C3950004C83E /* PJBaseViewController.m */; };
		7454D8FE20D7FA740004C83E /* UIView+Position.m in Sources */ = {isa = PBXBuildFile; fileRef = 7454D8FD20D7FA740004C83E /* UIView+Position.m */; };
		7454D90820D8056B0004C83E /* PJNoteCollectionViewCell.m in Sources */ = {isa = PBXBuildFile; fileRef = 7454D90720D8056B0004C83E /* PJNoteCollectionViewCell.m */; };
		74559D821EE009BE0081A0A5 /* main.m in Sources */ = {isa = PBXBuildFile; fileRef = 74559D811EE009BE0081A0A5 /* main.m */; };
		74559D851EE009BE0081A0A5 /* AppDelegate.m in Sources */ = {isa = PBXBuildFile; fileRef = 74559D841EE009BE0081A0A5 /* AppDelegate.m */; };
		74559D881EE009BE0081A0A5 /* HomeViewController.m in Sources */ = {isa = PBXBuildFile; fileRef = 74559D871EE009BE0081A0A5 /* HomeViewController.m */; };
		74559D8D1EE009BF0081A0A5 /* Assets.xcassets in Resources */ = {isa = PBXBuildFile; fileRef = 74559D8C1EE009BF0081A0A5 /* Assets.xcassets */; };
		74559D9B1EE009BF0081A0A5 /* PeekTests.m in Sources */ = {isa = PBXBuildFile; fileRef = 74559D9A1EE009BF0081A0A5 /* PeekTests.m */; };
		74559DA61EE009BF0081A0A5 /* PeekUITests.m in Sources */ = {isa = PBXBuildFile; fileRef = 74559DA51EE009BF0081A0A5 /* PeekUITests.m */; };
		74559DB51EE00CCF0081A0A5 /* constant.mm in Sources */ = {isa = PBXBuildFile; fileRef = 74559DB41EE00CCF0081A0A5 /* constant.mm */; };
		74559DB91EE00FB70081A0A5 /* UIViewController+Extension.m in Sources */ = {isa = PBXBuildFile; fileRef = 74559DB81EE00FB70081A0A5 /* UIViewController+Extension.m */; };
		74559DBC1EE010230081A0A5 /* PJHUD.m in Sources */ = {isa = PBXBuildFile; fileRef = 74559DBB1EE010230081A0A5 /* PJHUD.m */; };
		74559DBF1EE010310081A0A5 /* PJUIImage+Extension.m in Sources */ = {isa = PBXBuildFile; fileRef = 74559DBE1EE010310081A0A5 /* PJUIImage+Extension.m */; };
		745F334A20DC0099009C1991 /* PJCameraView.swift in Sources */ = {isa = PBXBuildFile; fileRef = 745F334920DC0099009C1991 /* PJCameraView.swift */; };
		7463F3F51FA753D600125448 /* PJUserForgetPasswdViewController.m in Sources */ = {isa = PBXBuildFile; fileRef = 7463F3F41FA753D600125448 /* PJUserForgetPasswdViewController.m */; };
		7463F3F91FA7555D00125448 /* Register.m in Sources */ = {isa = PBXBuildFile; fileRef = 7463F3F81FA7555D00125448 /* Register.m */; };
		749766292046E741006F47F6 /* PJUserLoginCom.m in Sources */ = {isa = PBXBuildFile; fileRef = 749766282046E741006F47F6 /* PJUserLoginCom.m */; };
		7497662C2046E74E006F47F6 /* PJUserRegister.m in Sources */ = {isa = PBXBuildFile; fileRef = 7497662B2046E74E006F47F6 /* PJUserRegister.m */; };
		749766352046ECCF006F47F6 /* PJNetWorkManager.m in Sources */ = {isa = PBXBuildFile; fileRef = 749766342046ECCF006F47F6 /* PJNetWorkManager.m */; };
		74A0D6221FA8A860006AB335 /* PJDevice.m in Sources */ = {isa = PBXBuildFile; fileRef = 74A0D6211FA8A860006AB335 /* PJDevice.m */; };
		74ADA76620FD8B580044C966 /* PJEditImageBottomView.m in Sources */ = {isa = PBXBuildFile; fileRef = 74ADA75920FD8B580044C966 /* PJEditImageBottomView.m */; };
		74ADA76720FD8B580044C966 /* PJEditImageViewController.m in Sources */ = {isa = PBXBuildFile; fileRef = 74ADA75A20FD8B580044C966 /* PJEditImageViewController.m */; };
		74ADA76820FD8B580044C966 /* PJEditImageTouchView.m in Sources */ = {isa = PBXBuildFile; fileRef = 74ADA75D20FD8B580044C966 /* PJEditImageTouchView.m */; };
		74ADA76920FD8B580044C966 /* PJEditImageBackImageView.m in Sources */ = {isa = PBXBuildFile; fileRef = 74ADA75E20FD8B580044C966 /* PJEditImageBackImageView.m */; };
		74ADA76A20FD8B580044C966 /* PJEditImageBottomColorView.m in Sources */ = {isa = PBXBuildFile; fileRef = 74ADA76020FD8B580044C966 /* PJEditImageBottomColorView.m */; };
		74ADA76B20FD8B580044C966 /* PJEditImageStroke.m in Sources */ = {isa = PBXBuildFile; fileRef = 74ADA76420FD8B580044C966 /* PJEditImageStroke.m */; };
		74ADA76F20FEE31E0044C966 /* PJEditImageScrollView.swift in Sources */ = {isa = PBXBuildFile; fileRef = 74ADA76E20FEE31E0044C966 /* PJEditImageScrollView.swift */; };
		74ADA779210015410044C966 /* PJRecognizeViewController.m in Sources */ = {isa = PBXBuildFile; fileRef = 74ADA778210015410044C966 /* PJRecognizeViewController.m */; };
		74ADA77E210021700044C966 /* UIImage+Tag.m in Sources */ = {isa = PBXBuildFile; fileRef = 74ADA77D210021700044C966 /* UIImage+Tag.m */; };
		74C5CDE520D8AE9500DB072C /* PJNoteCollectionView.m in Sources */ = {isa = PBXBuildFile; fileRef = 74C5CDE420D8AE9500DB072C /* PJNoteCollectionView.m */; };
		74C5CDE920D8E5E100DB072C /* PJTool.m in Sources */ = {isa = PBXBuildFile; fileRef = 74C5CDE820D8E5E100DB072C /* PJTool.m */; };
		74C5CDED20D94F8400DB072C /* PJNoteHeaderView.m in Sources */ = {isa = PBXBuildFile; fileRef = 74C5CDEC20D94F8400DB072C /* PJNoteHeaderView.m */; };
		74C5CDF120DA063D00DB072C /* PJHomeBottomView.m in Sources */ = {isa = PBXBuildFile; fileRef = 74C5CDF020DA063C00DB072C /* PJHomeBottomView.m */; };
		74C63A3E1F47259400D0B35F /* PJModifyViewController.m in Sources */ = {isa = PBXBuildFile; fileRef = 74C63A3D1F47259400D0B35F /* PJModifyViewController.m */; };
		74EAE1A11F8A05BC0071F82D /* PJOpenCV.mm in Sources */ = {isa = PBXBuildFile; fileRef = 74EAE1A01F8A05BC0071F82D /* PJOpenCV.mm */; };
		74EB3EDA20DF85C1001F0E0C /* PJSegmentView.swift in Sources */ = {isa = PBXBuildFile; fileRef = 74EB3ED920DF85C1001F0E0C /* PJSegmentView.swift */; };
		74EC312320DF86B1005FC688 /* PJTools-UIView+Position.swift in Sources */ = {isa = PBXBuildFile; fileRef = 74EC312220DF86B1005FC688 /* PJTools-UIView+Position.swift */; };
		74EC312620DF870A005FC688 /* constant-Swift.swift in Sources */ = {isa = PBXBuildFile; fileRef = 74EC312520DF870A005FC688 /* constant-Swift.swift */; };
		74EC312820DF8736005FC688 /* PJLanguageHelper.swift in Sources */ = {isa = PBXBuildFile; fileRef = 74EC312720DF8735005FC688 /* PJLanguageHelper.swift */; };
		74EC312B20DF8B06005FC688 /* Localizable.strings in Resources */ = {isa = PBXBuildFile; fileRef = 74EC312D20DF8B06005FC688 /* Localizable.strings */; };
		74F969321EE862F200C164BE /* LeftSliderView.xib in Resources */ = {isa = PBXBuildFile; fileRef = 74F969311EE862F200C164BE /* LeftSliderView.xib */; };
		A0038FE46C4EB26A0654D260 /* libPods-Peek.a in Frameworks */ = {isa = PBXBuildFile; fileRef = 86A4DADE82B40BD4012F8D7D /* libPods-Peek.a */; };
/* End PBXBuildFile section */

/* Begin PBXContainerItemProxy section */
		74559D971EE009BF0081A0A5 /* PBXContainerItemProxy */ = {
			isa = PBXContainerItemProxy;
			containerPortal = 74559D751EE009BE0081A0A5 /* Project object */;
			proxyType = 1;
			remoteGlobalIDString = 74559D7C1EE009BE0081A0A5;
			remoteInfo = Peek;
		};
		74559DA21EE009BF0081A0A5 /* PBXContainerItemProxy */ = {
			isa = PBXContainerItemProxy;
			containerPortal = 74559D751EE009BE0081A0A5 /* Project object */;
			proxyType = 1;
			remoteGlobalIDString = 74559D7C1EE009BE0081A0A5;
			remoteInfo = Peek;
		};
/* End PBXContainerItemProxy section */

/* Begin PBXFileReference section */
		45C9A47EC43E78E017A9676B /* Pods-Peek.release.xcconfig */ = {isa = PBXFileReference; includeInIndex = 1; lastKnownFileType = text.xcconfig; name = "Pods-Peek.release.xcconfig"; path = "Pods/Target Support Files/Pods-Peek/Pods-Peek.release.xcconfig"; sourceTree = "<group>"; };
		74006FD61EFC0166008A151C /* PJLoginViewController.h */ = {isa = PBXFileReference; fileEncoding = 4; lastKnownFileType = sourcecode.c.h; path = PJLoginViewController.h; sourceTree = "<group>"; };
		74006FD71EFC0166008A151C /* PJLoginViewController.m */ = {isa = PBXFileReference; fileEncoding = 4; lastKnownFileType = sourcecode.c.objc; path = PJLoginViewController.m; sourceTree = "<group>"; };
		74006FDB1EFC0192008A151C /* PJLoginSB.storyboard */ = {isa = PBXFileReference; fileEncoding = 4; lastKnownFileType = file.storyboard; path = PJLoginSB.storyboard; sourceTree = "<group>"; };
		741324A61F9DE58800FA0623 /* PJCardViewController.h */ = {isa = PBXFileReference; lastKnownFileType = sourcecode.c.h; path = PJCardViewController.h; sourceTree = "<group>"; };
		741324A71F9DE58800FA0623 /* PJCardViewController.m */ = {isa = PBXFileReference; lastKnownFileType = sourcecode.c.objc; path = PJCardViewController.m; sourceTree = "<group>"; };
		741324AA1F9EEAA500FA0623 /* PJCardBottomView.h */ = {isa = PBXFileReference; lastKnownFileType = sourcecode.c.h; path = PJCardBottomView.h; sourceTree = "<group>"; };
		741324AB1F9EEAA500FA0623 /* PJCardBottomView.m */ = {isa = PBXFileReference; lastKnownFileType = sourcecode.c.objc; path = PJCardBottomView.m; sourceTree = "<group>"; };
		741324AD1F9EEAB200FA0623 /* PJCardBottomView.xib */ = {isa = PBXFileReference; lastKnownFileType = file.xib; path = PJCardBottomView.xib; sourceTree = "<group>"; };
		743C84511F0B90A600D46EAC /* PJEditTableView.h */ = {isa = PBXFileReference; fileEncoding = 4; lastKnownFileType = sourcecode.c.h; path = PJEditTableView.h; sourceTree = "<group>"; };
		743C84521F0B90A600D46EAC /* PJEditTableView.m */ = {isa = PBXFileReference; fileEncoding = 4; lastKnownFileType = sourcecode.c.objc; path = PJEditTableView.m; sourceTree = "<group>"; };
		743C84591F0B91C700D46EAC /* PJEditTableViewCell.h */ = {isa = PBXFileReference; fileEncoding = 4; lastKnownFileType = sourcecode.c.h; path = PJEditTableViewCell.h; sourceTree = "<group>"; };
		743C845A1F0B91C700D46EAC /* PJEditTableViewCell.m */ = {isa = PBXFileReference; fileEncoding = 4; lastKnownFileType = sourcecode.c.objc; path = PJEditTableViewCell.m; sourceTree = "<group>"; };
		743C845B1F0B91C700D46EAC /* PJEditTableViewCell.xib */ = {isa = PBXFileReference; fileEncoding = 4; lastKnownFileType = file.xib; path = PJEditTableViewCell.xib; sourceTree = "<group>"; };
		743C84611F0B97EE00D46EAC /* PJEditHeaderView.h */ = {isa = PBXFileReference; fileEncoding = 4; lastKnownFileType = sourcecode.c.h; path = PJEditHeaderView.h; sourceTree = "<group>"; };
		743C84621F0B97EE00D46EAC /* PJEditHeaderView.m */ = {isa = PBXFileReference; fileEncoding = 4; lastKnownFileType = sourcecode.c.objc; path = PJEditHeaderView.m; sourceTree = "<group>"; };
		743C84641F0B97FC00D46EAC /* PJEditHeaderView.xib */ = {isa = PBXFileReference; fileEncoding = 4; lastKnownFileType = file.xib; path = PJEditHeaderView.xib; sourceTree = "<group>"; };
		7441BCDB1FA1A120005E37ED /* PJTapic.h */ = {isa = PBXFileReference; lastKnownFileType = sourcecode.c.h; path = PJTapic.h; sourceTree = "<group>"; };
		7441BCDC1FA1A120005E37ED /* PJTapic.m */ = {isa = PBXFileReference; lastKnownFileType = sourcecode.c.objc; path = PJTapic.m; sourceTree = "<group>"; };
		744327FC1EE5850C00E20FAC /* LeftSliderView.h */ = {isa = PBXFileReference; fileEncoding = 4; lastKnownFileType = sourcecode.c.h; path = LeftSliderView.h; sourceTree = "<group>"; };
		744327FD1EE5850C00E20FAC /* LeftSliderView.m */ = {isa = PBXFileReference; fileEncoding = 4; lastKnownFileType = sourcecode.c.objc; path = LeftSliderView.m; sourceTree = "<group>"; };
		744C3C371FAD9B2D00767B42 /* opencv2.framework */ = {isa = PBXFileReference; lastKnownFileType = wrapper.framework; path = opencv2.framework; sourceTree = "<group>"; };
		744C3C3A1FADB33A00767B42 /* PJFriendHomeView.h */ = {isa = PBXFileReference; lastKnownFileType = sourcecode.c.h; path = PJFriendHomeView.h; sourceTree = "<group>"; };
		744C3C3B1FADB33A00767B42 /* PJFriendHomeView.m */ = {isa = PBXFileReference; lastKnownFileType = sourcecode.c.objc; path = PJFriendHomeView.m; sourceTree = "<group>"; };
		744C3C3D1FADB35600767B42 /* PJFriendTableView.h */ = {isa = PBXFileReference; lastKnownFileType = sourcecode.c.h; path = PJFriendTableView.h; sourceTree = "<group>"; };
		744C3C3E1FADB35600767B42 /* PJFriendTableView.m */ = {isa = PBXFileReference; lastKnownFileType = sourcecode.c.objc; path = PJFriendTableView.m; sourceTree = "<group>"; };
		744C3C421FADB38800767B42 /* PJFriendTableViewCell.h */ = {isa = PBXFileReference; lastKnownFileType = sourcecode.c.h; path = PJFriendTableViewCell.h; sourceTree = "<group>"; };
		744C3C431FADB38800767B42 /* PJFriendTableViewCell.m */ = {isa = PBXFileReference; lastKnownFileType = sourcecode.c.objc; path = PJFriendTableViewCell.m; sourceTree = "<group>"; };
		744C3C441FADB38800767B42 /* PJFriendTableViewCell.xib */ = {isa = PBXFileReference; lastKnownFileType = file.xib; path = PJFriendTableViewCell.xib; sourceTree = "<group>"; };
		744F0E9C1EF003A3005D4133 /* leftHomeView.h */ = {isa = PBXFileReference; fileEncoding = 4; lastKnownFileType = sourcecode.c.h; path = leftHomeView.h; sourceTree = "<group>"; };
		744F0E9D1EF003A3005D4133 /* leftHomeView.m */ = {isa = PBXFileReference; fileEncoding = 4; lastKnownFileType = sourcecode.c.objc; path = leftHomeView.m; sourceTree = "<group>"; };
		744F0EA21EF00D2F005D4133 /* PublishViewController.h */ = {isa = PBXFileReference; fileEncoding = 4; lastKnownFileType = sourcecode.c.h; path = PublishViewController.h; sourceTree = "<group>"; };
		744F0EA31EF00D2F005D4133 /* PublishViewController.m */ = {isa = PBXFileReference; fileEncoding = 4; lastKnownFileType = sourcecode.c.objc; path = PublishViewController.m; sourceTree = "<group>"; };
		744F0EA61EF013AE005D4133 /* EditViewController.h */ = {isa = PBXFileReference; fileEncoding = 4; lastKnownFileType = sourcecode.c.h; path = EditViewController.h; sourceTree = "<group>"; };
		744F0EA71EF013AE005D4133 /* EditViewController.m */ = {isa = PBXFileReference; fileEncoding = 4; lastKnownFileType = sourcecode.c.objc; path = EditViewController.m; sourceTree = "<group>"; };
		744F0EA91EF015B1005D4133 /* MessageViewController.h */ = {isa = PBXFileReference; fileEncoding = 4; lastKnownFileType = sourcecode.c.h; path = MessageViewController.h; sourceTree = "<group>"; };
		744F0EAA1EF015B1005D4133 /* MessageViewController.m */ = {isa = PBXFileReference; fileEncoding = 4; lastKnownFileType = sourcecode.c.objc; path = MessageViewController.m; sourceTree = "<group>"; };
		744FCBE31EFEAE3E008BAC63 /* PJKeyboard.h */ = {isa = PBXFileReference; fileEncoding = 4; lastKnownFileType = sourcecode.c.h; path = PJKeyboard.h; sourceTree = "<group>"; };
		744FCBE41EFEAE3E008BAC63 /* PJKeyboard.m */ = {isa = PBXFileReference; fileEncoding = 4; lastKnownFileType = sourcecode.c.objc; path = PJKeyboard.m; sourceTree = "<group>"; };
		7454D8F320D6C3950004C83E /* PJBaseViewController.h */ = {isa = PBXFileReference; fileEncoding = 4; lastKnownFileType = sourcecode.c.h; path = PJBaseViewController.h; sourceTree = "<group>"; };
		7454D8F420D6C3950004C83E /* PJBaseViewController.m */ = {isa = PBXFileReference; fileEncoding = 4; lastKnownFileType = sourcecode.c.objc; path = PJBaseViewController.m; sourceTree = "<group>"; };
		7454D8FC20D7FA740004C83E /* UIView+Position.h */ = {isa = PBXFileReference; lastKnownFileType = sourcecode.c.h; path = "UIView+Position.h"; sourceTree = "<group>"; };
		7454D8FD20D7FA740004C83E /* UIView+Position.m */ = {isa = PBXFileReference; lastKnownFileType = sourcecode.c.objc; path = "UIView+Position.m"; sourceTree = "<group>"; };
		7454D90620D8056B0004C83E /* PJNoteCollectionViewCell.h */ = {isa = PBXFileReference; lastKnownFileType = sourcecode.c.h; path = PJNoteCollectionViewCell.h; sourceTree = "<group>"; };
		7454D90720D8056B0004C83E /* PJNoteCollectionViewCell.m */ = {isa = PBXFileReference; lastKnownFileType = sourcecode.c.objc; path = PJNoteCollectionViewCell.m; sourceTree = "<group>"; };
		74559D7D1EE009BE0081A0A5 /* Peek.app */ = {isa = PBXFileReference; explicitFileType = wrapper.application; includeInIndex = 0; path = Peek.app; sourceTree = BUILT_PRODUCTS_DIR; };
		74559D811EE009BE0081A0A5 /* main.m */ = {isa = PBXFileReference; lastKnownFileType = sourcecode.c.objc; path = main.m; sourceTree = "<group>"; };
		74559D831EE009BE0081A0A5 /* AppDelegate.h */ = {isa = PBXFileReference; lastKnownFileType = sourcecode.c.h; path = AppDelegate.h; sourceTree = "<group>"; };
		74559D841EE009BE0081A0A5 /* AppDelegate.m */ = {isa = PBXFileReference; lastKnownFileType = sourcecode.c.objc; path = AppDelegate.m; sourceTree = "<group>"; };
		74559D861EE009BE0081A0A5 /* HomeViewController.h */ = {isa = PBXFileReference; lastKnownFileType = sourcecode.c.h; path = HomeViewController.h; sourceTree = "<group>"; };
		74559D871EE009BE0081A0A5 /* HomeViewController.m */ = {isa = PBXFileReference; lastKnownFileType = sourcecode.c.objc; path = HomeViewController.m; sourceTree = "<group>"; };
		74559D8C1EE009BF0081A0A5 /* Assets.xcassets */ = {isa = PBXFileReference; lastKnownFileType = folder.assetcatalog; path = Assets.xcassets; sourceTree = "<group>"; };
		74559D911EE009BF0081A0A5 /* Info.plist */ = {isa = PBXFileReference; lastKnownFileType = text.plist.xml; path = Info.plist; sourceTree = "<group>"; };
		74559D961EE009BF0081A0A5 /* PeekTests.xctest */ = {isa = PBXFileReference; explicitFileType = wrapper.cfbundle; includeInIndex = 0; path = PeekTests.xctest; sourceTree = BUILT_PRODUCTS_DIR; };
		74559D9A1EE009BF0081A0A5 /* PeekTests.m */ = {isa = PBXFileReference; lastKnownFileType = sourcecode.c.objc; path = PeekTests.m; sourceTree = "<group>"; };
		74559D9C1EE009BF0081A0A5 /* Info.plist */ = {isa = PBXFileReference; lastKnownFileType = text.plist.xml; path = Info.plist; sourceTree = "<group>"; };
		74559DA11EE009BF0081A0A5 /* PeekUITests.xctest */ = {isa = PBXFileReference; explicitFileType = wrapper.cfbundle; includeInIndex = 0; path = PeekUITests.xctest; sourceTree = BUILT_PRODUCTS_DIR; };
		74559DA51EE009BF0081A0A5 /* PeekUITests.m */ = {isa = PBXFileReference; lastKnownFileType = sourcecode.c.objc; path = PeekUITests.m; sourceTree = "<group>"; };
		74559DA71EE009BF0081A0A5 /* Info.plist */ = {isa = PBXFileReference; lastKnownFileType = text.plist.xml; path = Info.plist; sourceTree = "<group>"; };
		74559DB31EE00CCF0081A0A5 /* constant.h */ = {isa = PBXFileReference; fileEncoding = 4; lastKnownFileType = sourcecode.c.h; path = constant.h; sourceTree = "<group>"; };
		74559DB41EE00CCF0081A0A5 /* constant.mm */ = {isa = PBXFileReference; fileEncoding = 4; lastKnownFileType = sourcecode.cpp.objcpp; path = constant.mm; sourceTree = "<group>"; };
		74559DB61EE00CF10081A0A5 /* PrefixHeader.pch */ = {isa = PBXFileReference; lastKnownFileType = sourcecode.c.h; path = PrefixHeader.pch; sourceTree = "<group>"; };
		74559DB71EE00FB70081A0A5 /* UIViewController+Extension.h */ = {isa = PBXFileReference; fileEncoding = 4; lastKnownFileType = sourcecode.c.h; path = "UIViewController+Extension.h"; sourceTree = "<group>"; };
		74559DB81EE00FB70081A0A5 /* UIViewController+Extension.m */ = {isa = PBXFileReference; fileEncoding = 4; lastKnownFileType = sourcecode.c.objc; path = "UIViewController+Extension.m"; sourceTree = "<group>"; };
		74559DBA1EE010230081A0A5 /* PJHUD.h */ = {isa = PBXFileReference; fileEncoding = 4; lastKnownFileType = sourcecode.c.h; path = PJHUD.h; sourceTree = "<group>"; };
		74559DBB1EE010230081A0A5 /* PJHUD.m */ = {isa = PBXFileReference; fileEncoding = 4; lastKnownFileType = sourcecode.c.objc; path = PJHUD.m; sourceTree = "<group>"; };
		74559DBD1EE010310081A0A5 /* PJUIImage+Extension.h */ = {isa = PBXFileReference; fileEncoding = 4; lastKnownFileType = sourcecode.c.h; path = "PJUIImage+Extension.h"; sourceTree = "<group>"; };
		74559DBE1EE010310081A0A5 /* PJUIImage+Extension.m */ = {isa = PBXFileReference; fileEncoding = 4; lastKnownFileType = sourcecode.c.objc; path = "PJUIImage+Extension.m"; sourceTree = "<group>"; };
		745F334820DC0098009C1991 /* Peek-Bridging-Header.h */ = {isa = PBXFileReference; lastKnownFileType = sourcecode.c.h; path = "Peek-Bridging-Header.h"; sourceTree = "<group>"; };
		745F334920DC0099009C1991 /* PJCameraView.swift */ = {isa = PBXFileReference; fileEncoding = 4; lastKnownFileType = sourcecode.swift; path = PJCameraView.swift; sourceTree = "<group>"; };
		7463F3F31FA753D600125448 /* PJUserForgetPasswdViewController.h */ = {isa = PBXFileReference; lastKnownFileType = sourcecode.c.h; path = PJUserForgetPasswdViewController.h; sourceTree = "<group>"; };
		7463F3F41FA753D600125448 /* PJUserForgetPasswdViewController.m */ = {isa = PBXFileReference; lastKnownFileType = sourcecode.c.objc; path = PJUserForgetPasswdViewController.m; sourceTree = "<group>"; };
		7463F3F71FA7555D00125448 /* Register.h */ = {isa = PBXFileReference; lastKnownFileType = sourcecode.c.h; path = Register.h; sourceTree = "<group>"; };
		7463F3F81FA7555D00125448 /* Register.m */ = {isa = PBXFileReference; lastKnownFileType = sourcecode.c.objc; path = Register.m; sourceTree = "<group>"; };
		74911B071F89E165004A729A /* opencv2.framework */ = {isa = PBXFileReference; lastKnownFileType = wrapper.framework; name = opencv2.framework; path = ../../../Downloads/opencv2.framework; sourceTree = "<group>"; };
		749766272046E741006F47F6 /* PJUserLoginCom.h */ = {isa = PBXFileReference; lastKnownFileType = sourcecode.c.h; path = PJUserLoginCom.h; sourceTree = "<group>"; };
		749766282046E741006F47F6 /* PJUserLoginCom.m */ = {isa = PBXFileReference; lastKnownFileType = sourcecode.c.objc; path = PJUserLoginCom.m; sourceTree = "<group>"; };
		7497662A2046E74E006F47F6 /* PJUserRegister.h */ = {isa = PBXFileReference; lastKnownFileType = sourcecode.c.h; path = PJUserRegister.h; sourceTree = "<group>"; };
		7497662B2046E74E006F47F6 /* PJUserRegister.m */ = {isa = PBXFileReference; lastKnownFileType = sourcecode.c.objc; path = PJUserRegister.m; sourceTree = "<group>"; };
		749766322046EB08006F47F6 /* PJNetWorkPath.h */ = {isa = PBXFileReference; lastKnownFileType = sourcecode.c.h; path = PJNetWorkPath.h; sourceTree = "<group>"; };
		749766332046ECCF006F47F6 /* PJNetWorkManager.h */ = {isa = PBXFileReference; lastKnownFileType = sourcecode.c.h; path = PJNetWorkManager.h; sourceTree = "<group>"; };
		749766342046ECCF006F47F6 /* PJNetWorkManager.m */ = {isa = PBXFileReference; lastKnownFileType = sourcecode.c.objc; path = PJNetWorkManager.m; sourceTree = "<group>"; };
		74A0D6201FA8A860006AB335 /* PJDevice.h */ = {isa = PBXFileReference; lastKnownFileType = sourcecode.c.h; path = PJDevice.h; sourceTree = "<group>"; };
		74A0D6211FA8A860006AB335 /* PJDevice.m */ = {isa = PBXFileReference; lastKnownFileType = sourcecode.c.objc; path = PJDevice.m; sourceTree = "<group>"; };
		74ADA75920FD8B580044C966 /* PJEditImageBottomView.m */ = {isa = PBXFileReference; fileEncoding = 4; lastKnownFileType = sourcecode.c.objc; path = PJEditImageBottomView.m; sourceTree = "<group>"; };
		74ADA75A20FD8B580044C966 /* PJEditImageViewController.m */ = {isa = PBXFileReference; fileEncoding = 4; lastKnownFileType = sourcecode.c.objc; path = PJEditImageViewController.m; sourceTree = "<group>"; };
		74ADA75B20FD8B580044C966 /* PJEditImageBottomView.h */ = {isa = PBXFileReference; fileEncoding = 4; lastKnownFileType = sourcecode.c.h; path = PJEditImageBottomView.h; sourceTree = "<group>"; };
		74ADA75D20FD8B580044C966 /* PJEditImageTouchView.m */ = {isa = PBXFileReference; fileEncoding = 4; lastKnownFileType = sourcecode.c.objc; path = PJEditImageTouchView.m; sourceTree = "<group>"; };
		74ADA75E20FD8B580044C966 /* PJEditImageBackImageView.m */ = {isa = PBXFileReference; fileEncoding = 4; lastKnownFileType = sourcecode.c.objc; path = PJEditImageBackImageView.m; sourceTree = "<group>"; };
		74ADA75F20FD8B580044C966 /* PJEditImageStroke.h */ = {isa = PBXFileReference; fileEncoding = 4; lastKnownFileType = sourcecode.c.h; path = PJEditImageStroke.h; sourceTree = "<group>"; };
		74ADA76020FD8B580044C966 /* PJEditImageBottomColorView.m */ = {isa = PBXFileReference; fileEncoding = 4; lastKnownFileType = sourcecode.c.objc; path = PJEditImageBottomColorView.m; sourceTree = "<group>"; };
		74ADA76120FD8B580044C966 /* PJEditImageTouchView.h */ = {isa = PBXFileReference; fileEncoding = 4; lastKnownFileType = sourcecode.c.h; path = PJEditImageTouchView.h; sourceTree = "<group>"; };
		74ADA76220FD8B580044C966 /* PJEditImageBackImageView.h */ = {isa = PBXFileReference; fileEncoding = 4; lastKnownFileType = sourcecode.c.h; path = PJEditImageBackImageView.h; sourceTree = "<group>"; };
		74ADA76320FD8B580044C966 /* PJEditImageBottomColorView.h */ = {isa = PBXFileReference; fileEncoding = 4; lastKnownFileType = sourcecode.c.h; path = PJEditImageBottomColorView.h; sourceTree = "<group>"; };
		74ADA76420FD8B580044C966 /* PJEditImageStroke.m */ = {isa = PBXFileReference; fileEncoding = 4; lastKnownFileType = sourcecode.c.objc; path = PJEditImageStroke.m; sourceTree = "<group>"; };
		74ADA76520FD8B580044C966 /* PJEditImageViewController.h */ = {isa = PBXFileReference; fileEncoding = 4; lastKnownFileType = sourcecode.c.h; path = PJEditImageViewController.h; sourceTree = "<group>"; };
		74ADA76E20FEE31E0044C966 /* PJEditImageScrollView.swift */ = {isa = PBXFileReference; lastKnownFileType = sourcecode.swift; path = PJEditImageScrollView.swift; sourceTree = "<group>"; };
		74ADA777210015410044C966 /* PJRecognizeViewController.h */ = {isa = PBXFileReference; lastKnownFileType = sourcecode.c.h; path = PJRecognizeViewController.h; sourceTree = "<group>"; };
		74ADA778210015410044C966 /* PJRecognizeViewController.m */ = {isa = PBXFileReference; lastKnownFileType = sourcecode.c.objc; path = PJRecognizeViewController.m; sourceTree = "<group>"; };
		74ADA77A2100213B0044C966 /* UIImage+Tag.h */ = {isa = PBXFileReference; lastKnownFileType = sourcecode.c.h; path = "UIImage+Tag.h"; sourceTree = "<group>"; };
		74ADA77D210021700044C966 /* UIImage+Tag.m */ = {isa = PBXFileReference; lastKnownFileType = sourcecode.c.objc; path = "UIImage+Tag.m"; sourceTree = "<group>"; };
		74C5CDE320D8AE9500DB072C /* PJNoteCollectionView.h */ = {isa = PBXFileReference; lastKnownFileType = sourcecode.c.h; path = PJNoteCollectionView.h; sourceTree = "<group>"; };
		74C5CDE420D8AE9500DB072C /* PJNoteCollectionView.m */ = {isa = PBXFileReference; lastKnownFileType = sourcecode.c.objc; path = PJNoteCollectionView.m; sourceTree = "<group>"; };
		74C5CDE720D8E5E100DB072C /* PJTool.h */ = {isa = PBXFileReference; lastKnownFileType = sourcecode.c.h; path = PJTool.h; sourceTree = "<group>"; };
		74C5CDE820D8E5E100DB072C /* PJTool.m */ = {isa = PBXFileReference; lastKnownFileType = sourcecode.c.objc; path = PJTool.m; sourceTree = "<group>"; };
		74C5CDEB20D94F8400DB072C /* PJNoteHeaderView.h */ = {isa = PBXFileReference; lastKnownFileType = sourcecode.c.h; path = PJNoteHeaderView.h; sourceTree = "<group>"; };
		74C5CDEC20D94F8400DB072C /* PJNoteHeaderView.m */ = {isa = PBXFileReference; lastKnownFileType = sourcecode.c.objc; path = PJNoteHeaderView.m; sourceTree = "<group>"; };
		74C5CDEF20DA063C00DB072C /* PJHomeBottomView.h */ = {isa = PBXFileReference; lastKnownFileType = sourcecode.c.h; path = PJHomeBottomView.h; sourceTree = "<group>"; };
		74C5CDF020DA063C00DB072C /* PJHomeBottomView.m */ = {isa = PBXFileReference; lastKnownFileType = sourcecode.c.objc; path = PJHomeBottomView.m; sourceTree = "<group>"; };
		74C63A3C1F47259400D0B35F /* PJModifyViewController.h */ = {isa = PBXFileReference; lastKnownFileType = sourcecode.c.h; path = PJModifyViewController.h; sourceTree = "<group>"; };
		74C63A3D1F47259400D0B35F /* PJModifyViewController.m */ = {isa = PBXFileReference; lastKnownFileType = sourcecode.c.objc; path = PJModifyViewController.m; sourceTree = "<group>"; };
		74EAE19F1F8A05BC0071F82D /* PJOpenCV.h */ = {isa = PBXFileReference; lastKnownFileType = sourcecode.c.h; path = PJOpenCV.h; sourceTree = "<group>"; };
		74EAE1A01F8A05BC0071F82D /* PJOpenCV.mm */ = {isa = PBXFileReference; lastKnownFileType = sourcecode.cpp.objcpp; path = PJOpenCV.mm; sourceTree = "<group>"; };
		74EB3ED920DF85C1001F0E0C /* PJSegmentView.swift */ = {isa = PBXFileReference; fileEncoding = 4; lastKnownFileType = sourcecode.swift; path = PJSegmentView.swift; sourceTree = "<group>"; };
		74EC312220DF86B1005FC688 /* PJTools-UIView+Position.swift */ = {isa = PBXFileReference; fileEncoding = 4; lastKnownFileType = sourcecode.swift; path = "PJTools-UIView+Position.swift"; sourceTree = "<group>"; };
		74EC312520DF870A005FC688 /* constant-Swift.swift */ = {isa = PBXFileReference; lastKnownFileType = sourcecode.swift; path = "constant-Swift.swift"; sourceTree = "<group>"; };
		74EC312720DF8735005FC688 /* PJLanguageHelper.swift */ = {isa = PBXFileReference; fileEncoding = 4; lastKnownFileType = sourcecode.swift; path = PJLanguageHelper.swift; sourceTree = "<group>"; };
		74EC312C20DF8B06005FC688 /* en */ = {isa = PBXFileReference; lastKnownFileType = text.plist.strings; name = en; path = en.lproj/Localizable.strings; sourceTree = "<group>"; };
		74EC312E20DF8C25005FC688 /* zh-Hans */ = {isa = PBXFileReference; lastKnownFileType = text.plist.strings; name = "zh-Hans"; path = "zh-Hans.lproj/Localizable.strings"; sourceTree = "<group>"; };
		74F969311EE862F200C164BE /* LeftSliderView.xib */ = {isa = PBXFileReference; lastKnownFileType = file.xib; path = LeftSliderView.xib; sourceTree = "<group>"; };
		86A4DADE82B40BD4012F8D7D /* libPods-Peek.a */ = {isa = PBXFileReference; explicitFileType = archive.ar; includeInIndex = 0; path = "libPods-Peek.a"; sourceTree = BUILT_PRODUCTS_DIR; };
		9C08E1DA4A63E424E541F8AF /* Pods-Peek.debug.xcconfig */ = {isa = PBXFileReference; includeInIndex = 1; lastKnownFileType = text.xcconfig; name = "Pods-Peek.debug.xcconfig"; path = "Pods/Target Support Files/Pods-Peek/Pods-Peek.debug.xcconfig"; sourceTree = "<group>"; };
/* End PBXFileReference section */

/* Begin PBXFrameworksBuildPhase section */
		74559D7A1EE009BE0081A0A5 /* Frameworks */ = {
			isa = PBXFrameworksBuildPhase;
			buildActionMask = 2147483647;
			files = (
				744C3C381FAD9B2D00767B42 /* opencv2.framework in Frameworks */,
				A0038FE46C4EB26A0654D260 /* libPods-Peek.a in Frameworks */,
			);
			runOnlyForDeploymentPostprocessing = 0;
		};
		74559D931EE009BF0081A0A5 /* Frameworks */ = {
			isa = PBXFrameworksBuildPhase;
			buildActionMask = 2147483647;
			files = (
			);
			runOnlyForDeploymentPostprocessing = 0;
		};
		74559D9E1EE009BF0081A0A5 /* Frameworks */ = {
			isa = PBXFrameworksBuildPhase;
			buildActionMask = 2147483647;
			files = (
			);
			runOnlyForDeploymentPostprocessing = 0;
		};
/* End PBXFrameworksBuildPhase section */

/* Begin PBXGroup section */
		6A687D942E1AC5100AC54C53 /* Frameworks */ = {
			isa = PBXGroup;
			children = (
				74911B071F89E165004A729A /* opencv2.framework */,
				86A4DADE82B40BD4012F8D7D /* libPods-Peek.a */,
			);
			name = Frameworks;
			sourceTree = "<group>";
		};
		74006FD51EFC0154008A151C /* 登录/注册 */ = {
			isa = PBXGroup;
			children = (
				74006FD61EFC0166008A151C /* PJLoginViewController.h */,
				74006FD71EFC0166008A151C /* PJLoginViewController.m */,
				74006FDB1EFC0192008A151C /* PJLoginSB.storyboard */,
			);
			name = "登录/注册";
			sourceTree = "<group>";
		};
		74006FDD1EFC08D3008A151C /* PJHUD */ = {
			isa = PBXGroup;
			children = (
				74559DBA1EE010230081A0A5 /* PJHUD.h */,
				74559DBB1EE010230081A0A5 /* PJHUD.m */,
			);
			name = PJHUD;
			sourceTree = "<group>";
		};
		741324A51F9DE56100FA0623 /* 卡片编辑 */ = {
			isa = PBXGroup;
			children = (
				74ADA76D20FEE2E10044C966 /* backScrollView */,
				74ADA7742100118B0044C966 /* recognizeViewController */,
				74ADA75820FD8AF90044C966 /* EditViewController */,
				741324A91F9EEA8300FA0623 /* bottomView */,
				741324A61F9DE58800FA0623 /* PJCardViewController.h */,
				741324A71F9DE58800FA0623 /* PJCardViewController.m */,
			);
			name = "卡片编辑";
			sourceTree = "<group>";
		};
		741324A91F9EEA8300FA0623 /* bottomView */ = {
			isa = PBXGroup;
			children = (
				741324AA1F9EEAA500FA0623 /* PJCardBottomView.h */,
				741324AB1F9EEAA500FA0623 /* PJCardBottomView.m */,
				741324AD1F9EEAB200FA0623 /* PJCardBottomView.xib */,
			);
			name = bottomView;
			sourceTree = "<group>";
		};
		741324AF1FA037EB00FA0623 /* Constant */ = {
			isa = PBXGroup;
			children = (
				74559DB31EE00CCF0081A0A5 /* constant.h */,
				74559DB41EE00CCF0081A0A5 /* constant.mm */,
				74EC312520DF870A005FC688 /* constant-Swift.swift */,
			);
			name = Constant;
			sourceTree = "<group>";
		};
		743C84461F0B893900D46EAC /* 朋友 */ = {
			isa = PBXGroup;
			children = (
				744C3C401FADB35A00767B42 /* tableView */,
				744C3C3A1FADB33A00767B42 /* PJFriendHomeView.h */,
				744C3C3B1FADB33A00767B42 /* PJFriendHomeView.m */,
			);
			name = "朋友";
			sourceTree = "<group>";
		};
		743C845E1F0B97C400D46EAC /* tableView */ = {
			isa = PBXGroup;
			children = (
				743C845F1F0B97D000D46EAC /* cell */,
				743C84511F0B90A600D46EAC /* PJEditTableView.h */,
				743C84521F0B90A600D46EAC /* PJEditTableView.m */,
			);
			name = tableView;
			sourceTree = "<group>";
		};
		743C845F1F0B97D000D46EAC /* cell */ = {
			isa = PBXGroup;
			children = (
				743C84591F0B91C700D46EAC /* PJEditTableViewCell.h */,
				743C845A1F0B91C700D46EAC /* PJEditTableViewCell.m */,
				743C845B1F0B91C700D46EAC /* PJEditTableViewCell.xib */,
			);
			name = cell;
			sourceTree = "<group>";
		};
		743C84601F0B97DA00D46EAC /* headerView */ = {
			isa = PBXGroup;
			children = (
				743C84611F0B97EE00D46EAC /* PJEditHeaderView.h */,
				743C84621F0B97EE00D46EAC /* PJEditHeaderView.m */,
				743C84641F0B97FC00D46EAC /* PJEditHeaderView.xib */,
			);
			name = headerView;
			sourceTree = "<group>";
		};
		7441BCDA1FA1A0FF005E37ED /* PJTapic */ = {
			isa = PBXGroup;
			children = (
				7441BCDB1FA1A120005E37ED /* PJTapic.h */,
				7441BCDC1FA1A120005E37ED /* PJTapic.m */,
			);
			name = PJTapic;
			sourceTree = "<group>";
		};
		744C3C401FADB35A00767B42 /* tableView */ = {
			isa = PBXGroup;
			children = (
				744C3C411FADB37000767B42 /* cell */,
				744C3C3D1FADB35600767B42 /* PJFriendTableView.h */,
				744C3C3E1FADB35600767B42 /* PJFriendTableView.m */,
			);
			name = tableView;
			sourceTree = "<group>";
		};
		744C3C411FADB37000767B42 /* cell */ = {
			isa = PBXGroup;
			children = (
				744C3C421FADB38800767B42 /* PJFriendTableViewCell.h */,
				744C3C431FADB38800767B42 /* PJFriendTableViewCell.m */,
				744C3C441FADB38800767B42 /* PJFriendTableViewCell.xib */,
			);
			name = cell;
			sourceTree = "<group>";
		};
		744F0E9F1EF00CAD005D4133 /* 我发布的卡片 */ = {
			isa = PBXGroup;
			children = (
				744F0EA21EF00D2F005D4133 /* PublishViewController.h */,
				744F0EA31EF00D2F005D4133 /* PublishViewController.m */,
			);
			name = "我发布的卡片";
			sourceTree = "<group>";
		};
		744F0EA01EF00CCF005D4133 /* 消息中心 */ = {
			isa = PBXGroup;
			children = (
				744F0EA91EF015B1005D4133 /* MessageViewController.h */,
				744F0EAA1EF015B1005D4133 /* MessageViewController.m */,
			);
			name = "消息中心";
			sourceTree = "<group>";
		};
		744F0EA11EF00CD8005D4133 /* 更多 */ = {
			isa = PBXGroup;
			children = (
			);
			name = "更多";
			sourceTree = "<group>";
		};
		744F0EA51EF01392005D4133 /* 编辑个人资料 */ = {
			isa = PBXGroup;
			children = (
				74C63A3B1F47257000D0B35F /* 修改资料 */,
				743C84601F0B97DA00D46EAC /* headerView */,
				743C845E1F0B97C400D46EAC /* tableView */,
				744F0EA61EF013AE005D4133 /* EditViewController.h */,
				744F0EA71EF013AE005D4133 /* EditViewController.m */,
			);
			name = "编辑个人资料";
			sourceTree = "<group>";
		};
		744FCBE21EFEAE14008BAC63 /* PJKeyboard */ = {
			isa = PBXGroup;
			children = (
				744FCBE31EFEAE3E008BAC63 /* PJKeyboard.h */,
				744FCBE41EFEAE3E008BAC63 /* PJKeyboard.m */,
			);
			name = PJKeyboard;
			sourceTree = "<group>";
		};
		7454D8F620D6C3980004C83E /* BaseClass */ = {
			isa = PBXGroup;
			children = (
				7454D8F320D6C3950004C83E /* PJBaseViewController.h */,
				7454D8F420D6C3950004C83E /* PJBaseViewController.m */,
			);
			name = BaseClass;
			sourceTree = "<group>";
		};
		7454D8FF20D802E90004C83E /* CollectionView */ = {
			isa = PBXGroup;
			children = (
				74C5CDE320D8AE9500DB072C /* PJNoteCollectionView.h */,
				74C5CDE420D8AE9500DB072C /* PJNoteCollectionView.m */,
				7454D90620D8056B0004C83E /* PJNoteCollectionViewCell.h */,
				7454D90720D8056B0004C83E /* PJNoteCollectionViewCell.m */,
			);
			name = CollectionView;
			sourceTree = "<group>";
		};
		74559D741EE009BE0081A0A5 = {
			isa = PBXGroup;
			children = (
				74559D7F1EE009BE0081A0A5 /* Peek */,
				74559D991EE009BF0081A0A5 /* PeekTests */,
				74559DA41EE009BF0081A0A5 /* PeekUITests */,
				74559D7E1EE009BE0081A0A5 /* Products */,
				82E88649A5E06163174BC06B /* Pods */,
				6A687D942E1AC5100AC54C53 /* Frameworks */,
			);
			sourceTree = "<group>";
		};
		74559D7E1EE009BE0081A0A5 /* Products */ = {
			isa = PBXGroup;
			children = (
				74559D7D1EE009BE0081A0A5 /* Peek.app */,
				74559D961EE009BF0081A0A5 /* PeekTests.xctest */,
				74559DA11EE009BF0081A0A5 /* PeekUITests.xctest */,
			);
			name = Products;
			sourceTree = "<group>";
		};
		74559D7F1EE009BE0081A0A5 /* Peek */ = {
			isa = PBXGroup;
			children = (
				74559D831EE009BE0081A0A5 /* AppDelegate.h */,
				74559D841EE009BE0081A0A5 /* AppDelegate.m */,
				74559D8C1EE009BF0081A0A5 /* Assets.xcassets */,
				749766232046E68F006F47F6 /* Ability */,
				749766222046E672006F47F6 /* Com */,
				749766212046E65D006F47F6 /* Page */,
				74559DC21EE03AD10081A0A5 /* Other */,
			);
			path = Peek;
			sourceTree = "<group>";
		};
		74559D991EE009BF0081A0A5 /* PeekTests */ = {
			isa = PBXGroup;
			children = (
				74559D9A1EE009BF0081A0A5 /* PeekTests.m */,
				74559D9C1EE009BF0081A0A5 /* Info.plist */,
			);
			path = PeekTests;
			sourceTree = "<group>";
		};
		74559DA41EE009BF0081A0A5 /* PeekUITests */ = {
			isa = PBXGroup;
			children = (
				74559DA51EE009BF0081A0A5 /* PeekUITests.m */,
				74559DA71EE009BF0081A0A5 /* Info.plist */,
			);
			path = PeekUITests;
			sourceTree = "<group>";
		};
		74559DC01EE03AB20081A0A5 /* Global */ = {
			isa = PBXGroup;
			children = (
				74EC312420DF86B9005FC688 /* SwiftTool */,
				74EC312220DF86B1005FC688 /* PJTools-UIView+Position.swift */,
				74EC312720DF8735005FC688 /* PJLanguageHelper.swift */,
				74C5CDE620D8E5D300DB072C /* PJTool */,
				74A0D61F1FA8A84E006AB335 /* PJDevice */,
				7463F3F61FA754EF00125448 /* Register */,
				7441BCDA1FA1A0FF005E37ED /* PJTapic */,
				741324AF1FA037EB00FA0623 /* Constant */,
				744FCBE21EFEAE14008BAC63 /* PJKeyboard */,
				74006FDD1EFC08D3008A151C /* PJHUD */,
			);
			name = Global;
			sourceTree = "<group>";
		};
		74559DC11EE03AC00081A0A5 /* Category */ = {
			isa = PBXGroup;
			children = (
				74559DB71EE00FB70081A0A5 /* UIViewController+Extension.h */,
				74559DB81EE00FB70081A0A5 /* UIViewController+Extension.m */,
				74559DBD1EE010310081A0A5 /* PJUIImage+Extension.h */,
				74559DBE1EE010310081A0A5 /* PJUIImage+Extension.m */,
				7454D8FC20D7FA740004C83E /* UIView+Position.h */,
				7454D8FD20D7FA740004C83E /* UIView+Position.m */,
				74ADA77A2100213B0044C966 /* UIImage+Tag.h */,
				74ADA77D210021700044C966 /* UIImage+Tag.m */,
			);
			name = Category;
			sourceTree = "<group>";
		};
		74559DC21EE03AD10081A0A5 /* Other */ = {
			isa = PBXGroup;
			children = (
				74911B091F89E1BF004A729A /* framework */,
				74559D811EE009BE0081A0A5 /* main.m */,
				74559DB61EE00CF10081A0A5 /* PrefixHeader.pch */,
				745F334820DC0098009C1991 /* Peek-Bridging-Header.h */,
				74559D911EE009BF0081A0A5 /* Info.plist */,
				74EC312D20DF8B06005FC688 /* Localizable.strings */,
			);
			name = Other;
			sourceTree = "<group>";
		};
		745F334320DBDAB1009C1991 /* CameraView */ = {
			isa = PBXGroup;
			children = (
				745F334920DC0099009C1991 /* PJCameraView.swift */,
			);
			name = CameraView;
			sourceTree = "<group>";
		};
		7463F3F21FA753A300125448 /* 忘记密码 */ = {
			isa = PBXGroup;
			children = (
				7463F3F31FA753D600125448 /* PJUserForgetPasswdViewController.h */,
				7463F3F41FA753D600125448 /* PJUserForgetPasswdViewController.m */,
			);
			name = "忘记密码";
			sourceTree = "<group>";
		};
		7463F3F61FA754EF00125448 /* Register */ = {
			isa = PBXGroup;
			children = (
				7463F3F71FA7555D00125448 /* Register.h */,
				7463F3F81FA7555D00125448 /* Register.m */,
			);
			name = Register;
			sourceTree = "<group>";
		};
		747E22E21EE27AC00078552D /* 首页 */ = {
			isa = PBXGroup;
			children = (
				74559D861EE009BE0081A0A5 /* HomeViewController.h */,
				74559D871EE009BE0081A0A5 /* HomeViewController.m */,
				74EB3ED820DF85C1001F0E0C /* SegmentView */,
				745F334320DBDAB1009C1991 /* CameraView */,
				74C5CDEE20DA062700DB072C /* bottomView */,
				74C5CDEA20D94F7500DB072C /* headerView */,
				7454D8FF20D802E90004C83E /* CollectionView */,
			);
			name = "首页";
			sourceTree = "<group>";
		};
		747E22E31EE27AD60078552D /* 个人中心 */ = {
			isa = PBXGroup;
			children = (
				744327FC1EE5850C00E20FAC /* LeftSliderView.h */,
				744327FD1EE5850C00E20FAC /* LeftSliderView.m */,
				74F969311EE862F200C164BE /* LeftSliderView.xib */,
				744F0E9C1EF003A3005D4133 /* leftHomeView.h */,
				744F0E9D1EF003A3005D4133 /* leftHomeView.m */,
			);
			name = "个人中心";
			sourceTree = "<group>";
		};
		74911B091F89E1BF004A729A /* framework */ = {
			isa = PBXGroup;
			children = (
				744C3C371FAD9B2D00767B42 /* opencv2.framework */,
			);
			name = framework;
			sourceTree = "<group>";
		};
		749766212046E65D006F47F6 /* Page */ = {
			isa = PBXGroup;
			children = (
				747E22E21EE27AC00078552D /* 首页 */,
				747E22E31EE27AD60078552D /* 个人中心 */,
				7463F3F21FA753A300125448 /* 忘记密码 */,
				743C84461F0B893900D46EAC /* 朋友 */,
				74006FD51EFC0154008A151C /* 登录/注册 */,
				744F0EA11EF00CD8005D4133 /* 更多 */,
				744F0EA01EF00CCF005D4133 /* 消息中心 */,
				744F0EA51EF01392005D4133 /* 编辑个人资料 */,
				744F0E9F1EF00CAD005D4133 /* 我发布的卡片 */,
				741324A51F9DE56100FA0623 /* 卡片编辑 */,
			);
			name = Page;
			sourceTree = "<group>";
		};
		749766222046E672006F47F6 /* Com */ = {
			isa = PBXGroup;
			children = (
				749766242046E716006F47F6 /* User */,
			);
			name = Com;
			sourceTree = "<group>";
		};
		749766232046E68F006F47F6 /* Ability */ = {
			isa = PBXGroup;
			children = (
				7454D8F620D6C3980004C83E /* BaseClass */,
				7497662D2046E93A006F47F6 /* Network */,
				74559DC11EE03AC00081A0A5 /* Category */,
				74559DC01EE03AB20081A0A5 /* Global */,
				74EAE19E1F8A059E0071F82D /* OpenCV */,
			);
			name = Ability;
			sourceTree = "<group>";
		};
		749766242046E716006F47F6 /* User */ = {
			isa = PBXGroup;
			children = (
				749766262046E721006F47F6 /* register */,
				749766252046E71C006F47F6 /* login */,
			);
			name = User;
			sourceTree = "<group>";
		};
		749766252046E71C006F47F6 /* login */ = {
			isa = PBXGroup;
			children = (
				749766272046E741006F47F6 /* PJUserLoginCom.h */,
				749766282046E741006F47F6 /* PJUserLoginCom.m */,
			);
			name = login;
			sourceTree = "<group>";
		};
		749766262046E721006F47F6 /* register */ = {
			isa = PBXGroup;
			children = (
				7497662A2046E74E006F47F6 /* PJUserRegister.h */,
				7497662B2046E74E006F47F6 /* PJUserRegister.m */,
			);
			name = register;
			sourceTree = "<group>";
		};
		7497662D2046E93A006F47F6 /* Network */ = {
			isa = PBXGroup;
			children = (
				749766322046EB08006F47F6 /* PJNetWorkPath.h */,
				749766332046ECCF006F47F6 /* PJNetWorkManager.h */,
				749766342046ECCF006F47F6 /* PJNetWorkManager.m */,
			);
			name = Network;
			sourceTree = "<group>";
		};
		74A0D61F1FA8A84E006AB335 /* PJDevice */ = {
			isa = PBXGroup;
			children = (
				74A0D6201FA8A860006AB335 /* PJDevice.h */,
				74A0D6211FA8A860006AB335 /* PJDevice.m */,
			);
			name = PJDevice;
			sourceTree = "<group>";
		};
		74ADA75820FD8AF90044C966 /* EditViewController */ = {
			isa = PBXGroup;
			children = (
				74ADA76520FD8B580044C966 /* PJEditImageViewController.h */,
				74ADA75A20FD8B580044C966 /* PJEditImageViewController.m */,
				74ADA77321000E9B0044C966 /* backImageView */,
				74ADA77221000E560044C966 /* bottomColorView */,
				74ADA77121000E410044C966 /* stroke */,
				74ADA77021000E310044C966 /* touchView */,
				74ADA76C20FD8DB10044C966 /* bottomView */,
			);
			name = EditViewController;
			sourceTree = "<group>";
		};
		74ADA76C20FD8DB10044C966 /* bottomView */ = {
			isa = PBXGroup;
			children = (
				74ADA75B20FD8B580044C966 /* PJEditImageBottomView.h */,
				74ADA75920FD8B580044C966 /* PJEditImageBottomView.m */,
			);
			path = bottomView;
			sourceTree = "<group>";
		};
		74ADA76D20FEE2E10044C966 /* backScrollView */ = {
			isa = PBXGroup;
			children = (
				74ADA76E20FEE31E0044C966 /* PJEditImageScrollView.swift */,
			);
			path = backScrollView;
			sourceTree = "<group>";
		};
		74ADA77021000E310044C966 /* touchView */ = {
			isa = PBXGroup;
			children = (
				74ADA76120FD8B580044C966 /* PJEditImageTouchView.h */,
				74ADA75D20FD8B580044C966 /* PJEditImageTouchView.m */,
			);
			path = touchView;
			sourceTree = "<group>";
		};
		74ADA77121000E410044C966 /* stroke */ = {
			isa = PBXGroup;
			children = (
				74ADA75F20FD8B580044C966 /* PJEditImageStroke.h */,
				74ADA76420FD8B580044C966 /* PJEditImageStroke.m */,
			);
			name = stroke;
			path = Stroke/stroke;
			sourceTree = "<group>";
		};
		74ADA77221000E560044C966 /* bottomColorView */ = {
			isa = PBXGroup;
			children = (
				74ADA76320FD8B580044C966 /* PJEditImageBottomColorView.h */,
				74ADA76020FD8B580044C966 /* PJEditImageBottomColorView.m */,
			);
			path = bottomColorView;
			sourceTree = "<group>";
		};
		74ADA77321000E9B0044C966 /* backImageView */ = {
			isa = PBXGroup;
			children = (
				74ADA75E20FD8B580044C966 /* PJEditImageBackImageView.m */,
				74ADA76220FD8B580044C966 /* PJEditImageBackImageView.h */,
			);
			path = backImageView;
			sourceTree = "<group>";
		};
		74ADA7742100118B0044C966 /* recognizeViewController */ = {
			isa = PBXGroup;
			children = (
				74ADA777210015410044C966 /* PJRecognizeViewController.h */,
				74ADA778210015410044C966 /* PJRecognizeViewController.m */,
			);
			name = recognizeViewController;
			sourceTree = "<group>";
		};
		74C5CDE620D8E5D300DB072C /* PJTool */ = {
			isa = PBXGroup;
			children = (
				74C5CDE720D8E5E100DB072C /* PJTool.h */,
				74C5CDE820D8E5E100DB072C /* PJTool.m */,
			);
			name = PJTool;
			sourceTree = "<group>";
		};
		74C5CDEA20D94F7500DB072C /* headerView */ = {
			isa = PBXGroup;
			children = (
				74C5CDEB20D94F8400DB072C /* PJNoteHeaderView.h */,
				74C5CDEC20D94F8400DB072C /* PJNoteHeaderView.m */,
			);
			name = headerView;
			sourceTree = "<group>";
		};
		74C5CDEE20DA062700DB072C /* bottomView */ = {
			isa = PBXGroup;
			children = (
				74C5CDEF20DA063C00DB072C /* PJHomeBottomView.h */,
				74C5CDF020DA063C00DB072C /* PJHomeBottomView.m */,
			);
			name = bottomView;
			sourceTree = "<group>";
		};
		74C63A3B1F47257000D0B35F /* 修改资料 */ = {
			isa = PBXGroup;
			children = (
				74C63A3C1F47259400D0B35F /* PJModifyViewController.h */,
				74C63A3D1F47259400D0B35F /* PJModifyViewController.m */,
			);
			name = "修改资料";
			sourceTree = "<group>";
		};
		74EAE19E1F8A059E0071F82D /* OpenCV */ = {
			isa = PBXGroup;
			children = (
				74EAE19F1F8A05BC0071F82D /* PJOpenCV.h */,
				74EAE1A01F8A05BC0071F82D /* PJOpenCV.mm */,
			);
			name = OpenCV;
			sourceTree = "<group>";
		};
		74EB3ED820DF85C1001F0E0C /* SegmentView */ = {
			isa = PBXGroup;
			children = (
				74EB3ED920DF85C1001F0E0C /* PJSegmentView.swift */,
			);
			path = SegmentView;
			sourceTree = "<group>";
		};
		74EC312420DF86B9005FC688 /* SwiftTool */ = {
			isa = PBXGroup;
			children = (
			);
			name = SwiftTool;
			sourceTree = "<group>";
		};
		82E88649A5E06163174BC06B /* Pods */ = {
			isa = PBXGroup;
			children = (
				9C08E1DA4A63E424E541F8AF /* Pods-Peek.debug.xcconfig */,
				45C9A47EC43E78E017A9676B /* Pods-Peek.release.xcconfig */,
			);
			name = Pods;
			sourceTree = "<group>";
		};
/* End PBXGroup section */

/* Begin PBXNativeTarget section */
		74559D7C1EE009BE0081A0A5 /* Peek */ = {
			isa = PBXNativeTarget;
			buildConfigurationList = 74559DAA1EE009BF0081A0A5 /* Build configuration list for PBXNativeTarget "Peek" */;
			buildPhases = (
				8A97DFBB59C0811AA5694DD4 /* [CP] Check Pods Manifest.lock */,
				74559D791EE009BE0081A0A5 /* Sources */,
				74559D7A1EE009BE0081A0A5 /* Frameworks */,
				74559D7B1EE009BE0081A0A5 /* Resources */,
				FA2BD91CC9B3F7C495F58D38 /* [CP] Embed Pods Frameworks */,
				D26890AC09E5B447A4BED1B2 /* [CP] Copy Pods Resources */,
			);
			buildRules = (
			);
			dependencies = (
			);
			name = Peek;
			productName = Peek;
			productReference = 74559D7D1EE009BE0081A0A5 /* Peek.app */;
			productType = "com.apple.product-type.application";
		};
		74559D951EE009BF0081A0A5 /* PeekTests */ = {
			isa = PBXNativeTarget;
			buildConfigurationList = 74559DAD1EE009BF0081A0A5 /* Build configuration list for PBXNativeTarget "PeekTests" */;
			buildPhases = (
				74559D921EE009BF0081A0A5 /* Sources */,
				74559D931EE009BF0081A0A5 /* Frameworks */,
				74559D941EE009BF0081A0A5 /* Resources */,
			);
			buildRules = (
			);
			dependencies = (
				74559D981EE009BF0081A0A5 /* PBXTargetDependency */,
			);
			name = PeekTests;
			productName = PeekTests;
			productReference = 74559D961EE009BF0081A0A5 /* PeekTests.xctest */;
			productType = "com.apple.product-type.bundle.unit-test";
		};
		74559DA01EE009BF0081A0A5 /* PeekUITests */ = {
			isa = PBXNativeTarget;
			buildConfigurationList = 74559DB01EE009BF0081A0A5 /* Build configuration list for PBXNativeTarget "PeekUITests" */;
			buildPhases = (
				74559D9D1EE009BF0081A0A5 /* Sources */,
				74559D9E1EE009BF0081A0A5 /* Frameworks */,
				74559D9F1EE009BF0081A0A5 /* Resources */,
			);
			buildRules = (
			);
			dependencies = (
				74559DA31EE009BF0081A0A5 /* PBXTargetDependency */,
			);
			name = PeekUITests;
			productName = PeekUITests;
			productReference = 74559DA11EE009BF0081A0A5 /* PeekUITests.xctest */;
			productType = "com.apple.product-type.bundle.ui-testing";
		};
/* End PBXNativeTarget section */

/* Begin PBXProject section */
		74559D751EE009BE0081A0A5 /* Project object */ = {
			isa = PBXProject;
			attributes = {
				LastUpgradeCheck = 0910;
				ORGANIZATIONNAME = "#incloud";
				TargetAttributes = {
					74559D7C1EE009BE0081A0A5 = {
						CreatedOnToolsVersion = 8.3;
						DevelopmentTeam = U6J5965DZK;
						LastSwiftMigration = 0940;
						ProvisioningStyle = Automatic;
					};
					74559D951EE009BF0081A0A5 = {
						CreatedOnToolsVersion = 8.3;
						DevelopmentTeam = U6J5965DZK;
						ProvisioningStyle = Automatic;
						TestTargetID = 74559D7C1EE009BE0081A0A5;
					};
					74559DA01EE009BF0081A0A5 = {
						CreatedOnToolsVersion = 8.3;
						DevelopmentTeam = U6J5965DZK;
						ProvisioningStyle = Automatic;
						TestTargetID = 74559D7C1EE009BE0081A0A5;
					};
				};
			};
			buildConfigurationList = 74559D781EE009BE0081A0A5 /* Build configuration list for PBXProject "Peek" */;
			compatibilityVersion = "Xcode 3.2";
			developmentRegion = English;
			hasScannedForEncodings = 0;
			knownRegions = (
				en,
				Base,
				"zh-Hans",
			);
			mainGroup = 74559D741EE009BE0081A0A5;
			productRefGroup = 74559D7E1EE009BE0081A0A5 /* Products */;
			projectDirPath = "";
			projectRoot = "";
			targets = (
				74559D7C1EE009BE0081A0A5 /* Peek */,
				74559D951EE009BF0081A0A5 /* PeekTests */,
				74559DA01EE009BF0081A0A5 /* PeekUITests */,
			);
		};
/* End PBXProject section */

/* Begin PBXResourcesBuildPhase section */
		74559D7B1EE009BE0081A0A5 /* Resources */ = {
			isa = PBXResourcesBuildPhase;
			buildActionMask = 2147483647;
			files = (
				741324AE1F9EEAB200FA0623 /* PJCardBottomView.xib in Resources */,
				74F969321EE862F200C164BE /* LeftSliderView.xib in Resources */,
				743C84651F0B97FC00D46EAC /* PJEditHeaderView.xib in Resources */,
				74006FDC1EFC0192008A151C /* PJLoginSB.storyboard in Resources */,
				743C845D1F0B91C700D46EAC /* PJEditTableViewCell.xib in Resources */,
				74EC312B20DF8B06005FC688 /* Localizable.strings in Resources */,
				744C3C461FADB38800767B42 /* PJFriendTableViewCell.xib in Resources */,
				74559D8D1EE009BF0081A0A5 /* Assets.xcassets in Resources */,
			);
			runOnlyForDeploymentPostprocessing = 0;
		};
		74559D941EE009BF0081A0A5 /* Resources */ = {
			isa = PBXResourcesBuildPhase;
			buildActionMask = 2147483647;
			files = (
			);
			runOnlyForDeploymentPostprocessing = 0;
		};
		74559D9F1EE009BF0081A0A5 /* Resources */ = {
			isa = PBXResourcesBuildPhase;
			buildActionMask = 2147483647;
			files = (
			);
			runOnlyForDeploymentPostprocessing = 0;
		};
/* End PBXResourcesBuildPhase section */

/* Begin PBXShellScriptBuildPhase section */
		8A97DFBB59C0811AA5694DD4 /* [CP] Check Pods Manifest.lock */ = {
			isa = PBXShellScriptBuildPhase;
			buildActionMask = 2147483647;
			files = (
			);
			inputPaths = (
				"${PODS_PODFILE_DIR_PATH}/Podfile.lock",
				"${PODS_ROOT}/Manifest.lock",
			);
			name = "[CP] Check Pods Manifest.lock";
			outputPaths = (
				"$(DERIVED_FILE_DIR)/Pods-Peek-checkManifestLockResult.txt",
			);
			runOnlyForDeploymentPostprocessing = 0;
			shellPath = /bin/sh;
			shellScript = "diff \"${PODS_PODFILE_DIR_PATH}/Podfile.lock\" \"${PODS_ROOT}/Manifest.lock\" > /dev/null\nif [ $? != 0 ] ; then\n    # print error to STDERR\n    echo \"error: The sandbox is not in sync with the Podfile.lock. Run 'pod install' or update your CocoaPods installation.\" >&2\n    exit 1\nfi\n# This output is used by Xcode 'outputs' to avoid re-running this script phase.\necho \"SUCCESS\" > \"${SCRIPT_OUTPUT_FILE_0}\"\n";
			showEnvVarsInLog = 0;
		};
		D26890AC09E5B447A4BED1B2 /* [CP] Copy Pods Resources */ = {
			isa = PBXShellScriptBuildPhase;
			buildActionMask = 2147483647;
			files = (
			);
			inputPaths = (
				"${SRCROOT}/Pods/Target Support Files/Pods-Peek/Pods-Peek-resources.sh",
				"${PODS_ROOT}/FlatUIKit/Resources/flat-ui-icons-regular.ttf",
				"${PODS_ROOT}/FlatUIKit/Resources/Lato-Bold.ttf",
				"${PODS_ROOT}/FlatUIKit/Resources/Lato-Italic.ttf",
				"${PODS_ROOT}/FlatUIKit/Resources/Lato-Light.ttf",
				"${PODS_ROOT}/FlatUIKit/Resources/Lato-Regular.ttf",
				"${PODS_ROOT}/IQKeyboardManager/IQKeyboardManager/Resources/IQKeyboardManager.bundle",
				"${PODS_ROOT}/MJRefresh/MJRefresh/MJRefresh.bundle",
				"${PODS_ROOT}/RongCloudIM/RongCloudIM/RongCloud.bundle",
				"${PODS_ROOT}/RongCloudIM/RongCloudIM/en.lproj",
				"${PODS_ROOT}/RongCloudIM/RongCloudIM/zh-Hans.lproj",
				"${PODS_ROOT}/RongCloudIM/RongCloudIM/Emoji.plist",
				"${PODS_ROOT}/RongCloudIM/RongCloudIM/RCConfig.plist",
				"${PODS_ROOT}/SVProgressHUD/SVProgressHUD/SVProgressHUD.bundle",
				"${PODS_ROOT}/UMengUShare/UShareSDK/UMSocialSDK/UMSocialSDKPromptResources.bundle",
				"${PODS_ROOT}/UMengUShare/UShareSDK/UMSocialUI/UMSocialSDKResources.bundle",
			);
			name = "[CP] Copy Pods Resources";
			outputPaths = (
				"${TARGET_BUILD_DIR}/${UNLOCALIZED_RESOURCES_FOLDER_PATH}",
			);
			runOnlyForDeploymentPostprocessing = 0;
			shellPath = /bin/sh;
			shellScript = "\"${SRCROOT}/Pods/Target Support Files/Pods-Peek/Pods-Peek-resources.sh\"\n";
			showEnvVarsInLog = 0;
		};
		FA2BD91CC9B3F7C495F58D38 /* [CP] Embed Pods Frameworks */ = {
			isa = PBXShellScriptBuildPhase;
			buildActionMask = 2147483647;
			files = (
			);
			inputPaths = (
				"${SRCROOT}/Pods/Target Support Files/Pods-Peek/Pods-Peek-frameworks.sh",
				"${BUILT_PRODUCTS_DIR}/AFNetworking/AFNetworking.framework",
				"${BUILT_PRODUCTS_DIR}/FlatUIKit/FlatUIKit.framework",
				"${BUILT_PRODUCTS_DIR}/IQKeyboardManager/IQKeyboardManager.framework",
				"${BUILT_PRODUCTS_DIR}/JVFloatLabeledTextField/JVFloatLabeledTextField.framework",
				"${BUILT_PRODUCTS_DIR}/MJExtension/MJExtension.framework",
				"${BUILT_PRODUCTS_DIR}/MJRefresh/MJRefresh.framework",
				"${BUILT_PRODUCTS_DIR}/SDWebImage/SDWebImage.framework",
				"${BUILT_PRODUCTS_DIR}/SVProgressHUD/SVProgressHUD.framework",
			);
			name = "[CP] Embed Pods Frameworks";
			outputPaths = (
				"${TARGET_BUILD_DIR}/${FRAMEWORKS_FOLDER_PATH}/AFNetworking.framework",
				"${TARGET_BUILD_DIR}/${FRAMEWORKS_FOLDER_PATH}/FlatUIKit.framework",
				"${TARGET_BUILD_DIR}/${FRAMEWORKS_FOLDER_PATH}/IQKeyboardManager.framework",
				"${TARGET_BUILD_DIR}/${FRAMEWORKS_FOLDER_PATH}/JVFloatLabeledTextField.framework",
				"${TARGET_BUILD_DIR}/${FRAMEWORKS_FOLDER_PATH}/MJExtension.framework",
				"${TARGET_BUILD_DIR}/${FRAMEWORKS_FOLDER_PATH}/MJRefresh.framework",
				"${TARGET_BUILD_DIR}/${FRAMEWORKS_FOLDER_PATH}/SDWebImage.framework",
				"${TARGET_BUILD_DIR}/${FRAMEWORKS_FOLDER_PATH}/SVProgressHUD.framework",
			);
			runOnlyForDeploymentPostprocessing = 0;
			shellPath = /bin/sh;
			shellScript = "\"${SRCROOT}/Pods/Target Support Files/Pods-Peek/Pods-Peek-frameworks.sh\"\n";
			showEnvVarsInLog = 0;
		};
/* End PBXShellScriptBuildPhase section */

/* Begin PBXSourcesBuildPhase section */
		74559D791EE009BE0081A0A5 /* Sources */ = {
			isa = PBXSourcesBuildPhase;
			buildActionMask = 2147483647;
			files = (
				74ADA77E210021700044C966 /* UIImage+Tag.m in Sources */,
				744F0E9E1EF003A3005D4133 /* leftHomeView.m in Sources */,
				7463F3F51FA753D600125448 /* PJUserForgetPasswdViewController.m in Sources */,
				74559DBF1EE010310081A0A5 /* PJUIImage+Extension.m in Sources */,
				74EC312620DF870A005FC688 /* constant-Swift.swift in Sources */,
				74EAE1A11F8A05BC0071F82D /* PJOpenCV.mm in Sources */,
				74ADA76B20FD8B580044C966 /* PJEditImageStroke.m in Sources */,
				74C63A3E1F47259400D0B35F /* PJModifyViewController.m in Sources */,
				7454D8F520D6C3950004C83E /* PJBaseViewController.m in Sources */,
				74EC312820DF8736005FC688 /* PJLanguageHelper.swift in Sources */,
				74C5CDE520D8AE9500DB072C /* PJNoteCollectionView.m in Sources */,
				74559D881EE009BE0081A0A5 /* HomeViewController.m in Sources */,
				749766292046E741006F47F6 /* PJUserLoginCom.m in Sources */,
				74EC312320DF86B1005FC688 /* PJTools-UIView+Position.swift in Sources */,
				74559DB51EE00CCF0081A0A5 /* constant.mm in Sources */,
				74EB3EDA20DF85C1001F0E0C /* PJSegmentView.swift in Sources */,
				74559D851EE009BE0081A0A5 /* AppDelegate.m in Sources */,
				745F334A20DC0099009C1991 /* PJCameraView.swift in Sources */,
				74ADA76620FD8B580044C966 /* PJEditImageBottomView.m in Sources */,
				74ADA779210015410044C966 /* PJRecognizeViewController.m in Sources */,
				7497662C2046E74E006F47F6 /* PJUserRegister.m in Sources */,
				7441BCDD1FA1A120005E37ED /* PJTapic.m in Sources */,
				7454D8FE20D7FA740004C83E /* UIView+Position.m in Sources */,
				744327FE1EE5850C00E20FAC /* LeftSliderView.m in Sources */,
				741324A81F9DE58800FA0623 /* PJCardViewController.m in Sources */,
				74ADA76720FD8B580044C966 /* PJEditImageViewController.m in Sources */,
				74ADA76920FD8B580044C966 /* PJEditImageBackImageView.m in Sources */,
				744F0EAB1EF015B1005D4133 /* MessageViewController.m in Sources */,
				743C845C1F0B91C700D46EAC /* PJEditTableViewCell.m in Sources */,
				74559DBC1EE010230081A0A5 /* PJHUD.m in Sources */,
				74ADA76A20FD8B580044C966 /* PJEditImageBottomColorView.m in Sources */,
				74C5CDED20D94F8400DB072C /* PJNoteHeaderView.m in Sources */,
				74A0D6221FA8A860006AB335 /* PJDevice.m in Sources */,
				74559DB91EE00FB70081A0A5 /* UIViewController+Extension.m in Sources */,
				7454D90820D8056B0004C83E /* PJNoteCollectionViewCell.m in Sources */,
				741324AC1F9EEAA500FA0623 /* PJCardBottomView.m in Sources */,
				744C3C451FADB38800767B42 /* PJFriendTableViewCell.m in Sources */,
				744FCBE51EFEAE3E008BAC63 /* PJKeyboard.m in Sources */,
				744F0EA81EF013AE005D4133 /* EditViewController.m in Sources */,
				744C3C3F1FADB35600767B42 /* PJFriendTableView.m in Sources */,
				74C5CDF120DA063D00DB072C /* PJHomeBottomView.m in Sources */,
				744C3C3C1FADB33A00767B42 /* PJFriendHomeView.m in Sources */,
				744F0EA41EF00D2F005D4133 /* PublishViewController.m in Sources */,
				74ADA76F20FEE31E0044C966 /* PJEditImageScrollView.swift in Sources */,
				74559D821EE009BE0081A0A5 /* main.m in Sources */,
				74006FD81EFC0166008A151C /* PJLoginViewController.m in Sources */,
				743C84531F0B90A600D46EAC /* PJEditTableView.m in Sources */,
				749766352046ECCF006F47F6 /* PJNetWorkManager.m in Sources */,
				7463F3F91FA7555D00125448 /* Register.m in Sources */,
				743C84631F0B97EE00D46EAC /* PJEditHeaderView.m in Sources */,
				74ADA76820FD8B580044C966 /* PJEditImageTouchView.m in Sources */,
				74C5CDE920D8E5E100DB072C /* PJTool.m in Sources */,
			);
			runOnlyForDeploymentPostprocessing = 0;
		};
		74559D921EE009BF0081A0A5 /* Sources */ = {
			isa = PBXSourcesBuildPhase;
			buildActionMask = 2147483647;
			files = (
				74559D9B1EE009BF0081A0A5 /* PeekTests.m in Sources */,
			);
			runOnlyForDeploymentPostprocessing = 0;
		};
		74559D9D1EE009BF0081A0A5 /* Sources */ = {
			isa = PBXSourcesBuildPhase;
			buildActionMask = 2147483647;
			files = (
				74559DA61EE009BF0081A0A5 /* PeekUITests.m in Sources */,
			);
			runOnlyForDeploymentPostprocessing = 0;
		};
/* End PBXSourcesBuildPhase section */

/* Begin PBXTargetDependency section */
		74559D981EE009BF0081A0A5 /* PBXTargetDependency */ = {
			isa = PBXTargetDependency;
			target = 74559D7C1EE009BE0081A0A5 /* Peek */;
			targetProxy = 74559D971EE009BF0081A0A5 /* PBXContainerItemProxy */;
		};
		74559DA31EE009BF0081A0A5 /* PBXTargetDependency */ = {
			isa = PBXTargetDependency;
			target = 74559D7C1EE009BE0081A0A5 /* Peek */;
			targetProxy = 74559DA21EE009BF0081A0A5 /* PBXContainerItemProxy */;
		};
/* End PBXTargetDependency section */

/* Begin PBXVariantGroup section */
		74EC312D20DF8B06005FC688 /* Localizable.strings */ = {
			isa = PBXVariantGroup;
			children = (
				74EC312C20DF8B06005FC688 /* en */,
				74EC312E20DF8C25005FC688 /* zh-Hans */,
			);
			name = Localizable.strings;
			sourceTree = "<group>";
		};
/* End PBXVariantGroup section */

/* Begin XCBuildConfiguration section */
		74559DA81EE009BF0081A0A5 /* Debug */ = {
			isa = XCBuildConfiguration;
			buildSettings = {
				ALWAYS_SEARCH_USER_PATHS = NO;
				CLANG_ANALYZER_LOCALIZABILITY_NONLOCALIZED = YES;
				CLANG_ANALYZER_NONNULL = YES;
				CLANG_ANALYZER_NUMBER_OBJECT_CONVERSION = YES_AGGRESSIVE;
				CLANG_CXX_LANGUAGE_STANDARD = "gnu++0x";
				CLANG_CXX_LIBRARY = "libc++";
				CLANG_ENABLE_MODULES = YES;
				CLANG_ENABLE_OBJC_ARC = YES;
				CLANG_WARN_BLOCK_CAPTURE_AUTORELEASING = YES;
				CLANG_WARN_BOOL_CONVERSION = YES;
				CLANG_WARN_COMMA = YES;
				CLANG_WARN_CONSTANT_CONVERSION = YES;
				CLANG_WARN_DIRECT_OBJC_ISA_USAGE = YES_ERROR;
				CLANG_WARN_DOCUMENTATION_COMMENTS = YES;
				CLANG_WARN_EMPTY_BODY = YES;
				CLANG_WARN_ENUM_CONVERSION = YES;
				CLANG_WARN_INFINITE_RECURSION = YES;
				CLANG_WARN_INT_CONVERSION = YES;
				CLANG_WARN_NON_LITERAL_NULL_CONVERSION = YES;
				CLANG_WARN_OBJC_LITERAL_CONVERSION = YES;
				CLANG_WARN_OBJC_ROOT_CLASS = YES_ERROR;
				CLANG_WARN_RANGE_LOOP_ANALYSIS = YES;
				CLANG_WARN_STRICT_PROTOTYPES = YES;
				CLANG_WARN_SUSPICIOUS_MOVE = YES;
				CLANG_WARN_UNREACHABLE_CODE = YES;
				CLANG_WARN__DUPLICATE_METHOD_MATCH = YES;
				"CODE_SIGN_IDENTITY[sdk=iphoneos*]" = "iPhone Developer";
				COPY_PHASE_STRIP = NO;
				DEBUG_INFORMATION_FORMAT = dwarf;
				ENABLE_STRICT_OBJC_MSGSEND = YES;
				ENABLE_TESTABILITY = YES;
				GCC_C_LANGUAGE_STANDARD = gnu99;
				GCC_DYNAMIC_NO_PIC = NO;
				GCC_NO_COMMON_BLOCKS = YES;
				GCC_OPTIMIZATION_LEVEL = 0;
				GCC_PRECOMPILE_PREFIX_HEADER = YES;
				GCC_PREFIX_HEADER = "$(SRCROOT)/Peek/PrefixHeader.pch";
				GCC_PREPROCESSOR_DEFINITIONS = (
					"DEBUG=1",
					"$(inherited)",
				);
				GCC_WARN_64_TO_32_BIT_CONVERSION = YES;
				GCC_WARN_ABOUT_RETURN_TYPE = YES_ERROR;
				GCC_WARN_UNDECLARED_SELECTOR = YES;
				GCC_WARN_UNINITIALIZED_AUTOS = YES_AGGRESSIVE;
				GCC_WARN_UNUSED_FUNCTION = YES;
				GCC_WARN_UNUSED_VARIABLE = YES;
				IPHONEOS_DEPLOYMENT_TARGET = 8.0;
				MTL_ENABLE_DEBUG_INFO = YES;
				ONLY_ACTIVE_ARCH = YES;
				SDKROOT = iphoneos;
			};
			name = Debug;
		};
		74559DA91EE009BF0081A0A5 /* Release */ = {
			isa = XCBuildConfiguration;
			buildSettings = {
				ALWAYS_SEARCH_USER_PATHS = NO;
				CLANG_ANALYZER_LOCALIZABILITY_NONLOCALIZED = YES;
				CLANG_ANALYZER_NONNULL = YES;
				CLANG_ANALYZER_NUMBER_OBJECT_CONVERSION = YES_AGGRESSIVE;
				CLANG_CXX_LANGUAGE_STANDARD = "gnu++0x";
				CLANG_CXX_LIBRARY = "libc++";
				CLANG_ENABLE_MODULES = YES;
				CLANG_ENABLE_OBJC_ARC = YES;
				CLANG_WARN_BLOCK_CAPTURE_AUTORELEASING = YES;
				CLANG_WARN_BOOL_CONVERSION = YES;
				CLANG_WARN_COMMA = YES;
				CLANG_WARN_CONSTANT_CONVERSION = YES;
				CLANG_WARN_DIRECT_OBJC_ISA_USAGE = YES_ERROR;
				CLANG_WARN_DOCUMENTATION_COMMENTS = YES;
				CLANG_WARN_EMPTY_BODY = YES;
				CLANG_WARN_ENUM_CONVERSION = YES;
				CLANG_WARN_INFINITE_RECURSION = YES;
				CLANG_WARN_INT_CONVERSION = YES;
				CLANG_WARN_NON_LITERAL_NULL_CONVERSION = YES;
				CLANG_WARN_OBJC_LITERAL_CONVERSION = YES;
				CLANG_WARN_OBJC_ROOT_CLASS = YES_ERROR;
				CLANG_WARN_RANGE_LOOP_ANALYSIS = YES;
				CLANG_WARN_STRICT_PROTOTYPES = YES;
				CLANG_WARN_SUSPICIOUS_MOVE = YES;
				CLANG_WARN_UNREACHABLE_CODE = YES;
				CLANG_WARN__DUPLICATE_METHOD_MATCH = YES;
				"CODE_SIGN_IDENTITY[sdk=iphoneos*]" = "iPhone Developer";
				COPY_PHASE_STRIP = NO;
				DEBUG_INFORMATION_FORMAT = "dwarf-with-dsym";
				ENABLE_NS_ASSERTIONS = NO;
				ENABLE_STRICT_OBJC_MSGSEND = YES;
				GCC_C_LANGUAGE_STANDARD = gnu99;
				GCC_NO_COMMON_BLOCKS = YES;
				GCC_PRECOMPILE_PREFIX_HEADER = YES;
				GCC_PREFIX_HEADER = "$(SRCROOT)/Peek/PrefixHeader.pch";
				GCC_WARN_64_TO_32_BIT_CONVERSION = YES;
				GCC_WARN_ABOUT_RETURN_TYPE = YES_ERROR;
				GCC_WARN_UNDECLARED_SELECTOR = YES;
				GCC_WARN_UNINITIALIZED_AUTOS = YES_AGGRESSIVE;
				GCC_WARN_UNUSED_FUNCTION = YES;
				GCC_WARN_UNUSED_VARIABLE = YES;
				IPHONEOS_DEPLOYMENT_TARGET = 8.0;
				MTL_ENABLE_DEBUG_INFO = NO;
				SDKROOT = iphoneos;
				VALIDATE_PRODUCT = YES;
			};
			name = Release;
		};
		74559DAB1EE009BF0081A0A5 /* Debug */ = {
			isa = XCBuildConfiguration;
			baseConfigurationReference = 9C08E1DA4A63E424E541F8AF /* Pods-Peek.debug.xcconfig */;
			buildSettings = {
				ASSETCATALOG_COMPILER_APPICON_NAME = AppIcon;
				ASSETCATALOG_COMPILER_LAUNCHIMAGE_NAME = LaunchImage;
				CLANG_ENABLE_MODULES = YES;
				DEVELOPMENT_TEAM = U6J5965DZK;
				FRAMEWORK_SEARCH_PATHS = (
					"$(inherited)",
					"$(PROJECT_DIR)/Peek",
				);
				INFOPLIST_FILE = Peek/Info.plist;
				IPHONEOS_DEPLOYMENT_TARGET = 11.0;
				LD_RUNPATH_SEARCH_PATHS = "$(inherited) @executable_path/Frameworks";
				LIBRARY_SEARCH_PATHS = (
					"$(inherited)",
					"$(PROJECT_DIR)/Peek",
				);
				PRODUCT_BUNDLE_IDENTIFIER = pjhubs.Peek;
				PRODUCT_NAME = "$(TARGET_NAME)";
				SWIFT_OBJC_BRIDGING_HEADER = "Peek/Peek-Bridging-Header.h";
				SWIFT_OPTIMIZATION_LEVEL = "-Onone";
				SWIFT_VERSION = 4.0;
				TARGETED_DEVICE_FAMILY = 1;
			};
			name = Debug;
		};
		74559DAC1EE009BF0081A0A5 /* Release */ = {
			isa = XCBuildConfiguration;
			baseConfigurationReference = 45C9A47EC43E78E017A9676B /* Pods-Peek.release.xcconfig */;
			buildSettings = {
				ASSETCATALOG_COMPILER_APPICON_NAME = AppIcon;
				ASSETCATALOG_COMPILER_LAUNCHIMAGE_NAME = LaunchImage;
				CLANG_ENABLE_MODULES = YES;
				DEVELOPMENT_TEAM = U6J5965DZK;
				FRAMEWORK_SEARCH_PATHS = (
					"$(inherited)",
					"$(PROJECT_DIR)/Peek",
				);
				INFOPLIST_FILE = Peek/Info.plist;
				IPHONEOS_DEPLOYMENT_TARGET = 11.0;
				LD_RUNPATH_SEARCH_PATHS = "$(inherited) @executable_path/Frameworks";
				LIBRARY_SEARCH_PATHS = (
					"$(inherited)",
					"$(PROJECT_DIR)/Peek",
				);
				PRODUCT_BUNDLE_IDENTIFIER = pjhubs.Peek;
				PRODUCT_NAME = "$(TARGET_NAME)";
				SWIFT_OBJC_BRIDGING_HEADER = "Peek/Peek-Bridging-Header.h";
				SWIFT_VERSION = 4.0;
				TARGETED_DEVICE_FAMILY = 1;
			};
			name = Release;
		};
		74559DAE1EE009BF0081A0A5 /* Debug */ = {
			isa = XCBuildConfiguration;
			buildSettings = {
				ALWAYS_EMBED_SWIFT_STANDARD_LIBRARIES = YES;
				BUNDLE_LOADER = "$(TEST_HOST)";
				DEVELOPMENT_TEAM = U6J5965DZK;
				INFOPLIST_FILE = PeekTests/Info.plist;
				LD_RUNPATH_SEARCH_PATHS = "$(inherited) @executable_path/Frameworks @loader_path/Frameworks";
				PRODUCT_BUNDLE_IDENTIFIER = pjhubs.PeekTests;
				PRODUCT_NAME = "$(TARGET_NAME)";
				TEST_HOST = "$(BUILT_PRODUCTS_DIR)/Peek.app/Peek";
			};
			name = Debug;
		};
		74559DAF1EE009BF0081A0A5 /* Release */ = {
			isa = XCBuildConfiguration;
			buildSettings = {
				ALWAYS_EMBED_SWIFT_STANDARD_LIBRARIES = YES;
				BUNDLE_LOADER = "$(TEST_HOST)";
				DEVELOPMENT_TEAM = U6J5965DZK;
				INFOPLIST_FILE = PeekTests/Info.plist;
				LD_RUNPATH_SEARCH_PATHS = "$(inherited) @executable_path/Frameworks @loader_path/Frameworks";
				PRODUCT_BUNDLE_IDENTIFIER = pjhubs.PeekTests;
				PRODUCT_NAME = "$(TARGET_NAME)";
				TEST_HOST = "$(BUILT_PRODUCTS_DIR)/Peek.app/Peek";
			};
			name = Release;
		};
		74559DB11EE009BF0081A0A5 /* Debug */ = {
			isa = XCBuildConfiguration;
			buildSettings = {
				ALWAYS_EMBED_SWIFT_STANDARD_LIBRARIES = YES;
				DEVELOPMENT_TEAM = U6J5965DZK;
				INFOPLIST_FILE = PeekUITests/Info.plist;
				LD_RUNPATH_SEARCH_PATHS = "$(inherited) @executable_path/Frameworks @loader_path/Frameworks";
				PRODUCT_BUNDLE_IDENTIFIER = pjhubs.PeekUITests;
				PRODUCT_NAME = "$(TARGET_NAME)";
				TEST_TARGET_NAME = Peek;
			};
			name = Debug;
		};
		74559DB21EE009BF0081A0A5 /* Release */ = {
			isa = XCBuildConfiguration;
			buildSettings = {
				ALWAYS_EMBED_SWIFT_STANDARD_LIBRARIES = YES;
				DEVELOPMENT_TEAM = U6J5965DZK;
				INFOPLIST_FILE = PeekUITests/Info.plist;
				LD_RUNPATH_SEARCH_PATHS = "$(inherited) @executable_path/Frameworks @loader_path/Frameworks";
				PRODUCT_BUNDLE_IDENTIFIER = pjhubs.PeekUITests;
				PRODUCT_NAME = "$(TARGET_NAME)";
				TEST_TARGET_NAME = Peek;
			};
			name = Release;
		};
/* End XCBuildConfiguration section */

/* Begin XCConfigurationList section */
		74559D781EE009BE0081A0A5 /* Build configuration list for PBXProject "Peek" */ = {
			isa = XCConfigurationList;
			buildConfigurations = (
				74559DA81EE009BF0081A0A5 /* Debug */,
				74559DA91EE009BF0081A0A5 /* Release */,
			);
			defaultConfigurationIsVisible = 0;
			defaultConfigurationName = Release;
		};
		74559DAA1EE009BF0081A0A5 /* Build configuration list for PBXNativeTarget "Peek" */ = {
			isa = XCConfigurationList;
			buildConfigurations = (
				74559DAB1EE009BF0081A0A5 /* Debug */,
				74559DAC1EE009BF0081A0A5 /* Release */,
			);
			defaultConfigurationIsVisible = 0;
			defaultConfigurationName = Release;
		};
		74559DAD1EE009BF0081A0A5 /* Build configuration list for PBXNativeTarget "PeekTests" */ = {
			isa = XCConfigurationList;
			buildConfigurations = (
				74559DAE1EE009BF0081A0A5 /* Debug */,
				74559DAF1EE009BF0081A0A5 /* Release */,
			);
			defaultConfigurationIsVisible = 0;
			defaultConfigurationName = Release;
		};
		74559DB01EE009BF0081A0A5 /* Build configuration list for PBXNativeTarget "PeekUITests" */ = {
			isa = XCConfigurationList;
			buildConfigurations = (
				74559DB11EE009BF0081A0A5 /* Debug */,
				74559DB21EE009BF0081A0A5 /* Release */,
			);
			defaultConfigurationIsVisible = 0;
			defaultConfigurationName = Release;
		};
/* End XCConfigurationList section */
	};
	rootObject = 74559D751EE009BE0081A0A5 /* Project object */;
}
